// !$*UTF8*$!
{
	archiveVersion = 1;
	classes = {
	};
	objectVersion = 46;
	objects = {

/* Begin PBXBuildFile section */
		350ACF551B8EF7BD003AEF5A /* AppDelegate.swift in Sources */ = {isa = PBXBuildFile; fileRef = 350ACF541B8EF7BD003AEF5A /* AppDelegate.swift */; };
		350ACF571B8EF7BD003AEF5A /* ViewController.swift in Sources */ = {isa = PBXBuildFile; fileRef = 350ACF561B8EF7BD003AEF5A /* ViewController.swift */; };
		350ACF5A1B8EF7BE003AEF5A /* Main.storyboard in Resources */ = {isa = PBXBuildFile; fileRef = 350ACF581B8EF7BE003AEF5A /* Main.storyboard */; };
		350ACF5C1B8EF7BE003AEF5A /* Images.xcassets in Resources */ = {isa = PBXBuildFile; fileRef = 350ACF5B1B8EF7BE003AEF5A /* Images.xcassets */; };
		350ACF5F1B8EF7BE003AEF5A /* LaunchScreen.xib in Resources */ = {isa = PBXBuildFile; fileRef = 350ACF5D1B8EF7BE003AEF5A /* LaunchScreen.xib */; };
		350ACF6B1B8EF7BE003AEF5A /* juniorSwiftTests.swift in Sources */ = {isa = PBXBuildFile; fileRef = 350ACF6A1B8EF7BE003AEF5A /* juniorSwiftTests.swift */; };
/* End PBXBuildFile section */

/* Begin PBXContainerItemProxy section */
		350ACF651B8EF7BE003AEF5A /* PBXContainerItemProxy */ = {
			isa = PBXContainerItemProxy;
			containerPortal = 350ACF471B8EF7BD003AEF5A /* Project object */;
			proxyType = 1;
			remoteGlobalIDString = 350ACF4E1B8EF7BD003AEF5A;
			remoteInfo = juniorSwift;
		};
/* End PBXContainerItemProxy section */

/* Begin PBXFileReference section */
		350ACF4F1B8EF7BD003AEF5A /* juniorSwift.app */ = {isa = PBXFileReference; explicitFileType = wrapper.application; includeInIndex = 0; path = juniorSwift.app; sourceTree = BUILT_PRODUCTS_DIR; };
		350ACF531B8EF7BD003AEF5A /* Info.plist */ = {isa = PBXFileReference; lastKnownFileType = text.plist.xml; path = Info.plist; sourceTree = "<group>"; };
		350ACF541B8EF7BD003AEF5A /* AppDelegate.swift */ = {isa = PBXFileReference; lastKnownFileType = sourcecode.swift; path = AppDelegate.swift; sourceTree = "<group>"; };
		350ACF561B8EF7BD003AEF5A /* ViewController.swift */ = {isa = PBXFileReference; lastKnownFileType = sourcecode.swift; path = ViewController.swift; sourceTree = "<group>"; };
		350ACF591B8EF7BE003AEF5A /* Base */ = {isa = PBXFileReference; lastKnownFileType = file.storyboard; name = Base; path = Base.lproj/Main.storyboard; sourceTree = "<group>"; };
		350ACF5B1B8EF7BE003AEF5A /* Images.xcassets */ = {isa = PBXFileReference; lastKnownFileType = folder.assetcatalog; path = Images.xcassets; sourceTree = "<group>"; };
		350ACF5E1B8EF7BE003AEF5A /* Base */ = {isa = PBXFileReference; lastKnownFileType = file.xib; name = Base; path = Base.lproj/LaunchScreen.xib; sourceTree = "<group>"; };
		350ACF641B8EF7BE003AEF5A /* juniorSwiftTests.xctest */ = {isa = PBXFileReference; explicitFileType = wrapper.cfbundle; includeInIndex = 0; path = juniorSwiftTests.xctest; sourceTree = BUILT_PRODUCTS_DIR; };
		350ACF691B8EF7BE003AEF5A /* Info.plist */ = {isa = PBXFileReference; lastKnownFileType = text.plist.xml; path = Info.plist; sourceTree = "<group>"; };
		350ACF6A1B8EF7BE003AEF5A /* juniorSwiftTests.swift */ = {isa = PBXFileReference; lastKnownFileType = sourcecode.swift; path = juniorSwiftTests.swift; sourceTree = "<group>"; };
/* End PBXFileReference section */

/* Begin PBXFrameworksBuildPhase section */
		350ACF4C1B8EF7BD003AEF5A /* Frameworks */ = {
			isa = PBXFrameworksBuildPhase;
			buildActionMask = 2147483647;
			files = (
			);
			runOnlyForDeploymentPostprocessing = 0;
		};
		350ACF611B8EF7BE003AEF5A /* Frameworks */ = {
			isa = PBXFrameworksBuildPhase;
			buildActionMask = 2147483647;
			files = (
			);
			runOnlyForDeploymentPostprocessing = 0;
		};
/* End PBXFrameworksBuildPhase section */

/* Begin PBXGroup section */
		350ACF461B8EF7BD003AEF5A = {
			isa = PBXGroup;
			children = (
				350ACF511B8EF7BD003AEF5A /* juniorSwift */,
				350ACF671B8EF7BE003AEF5A /* juniorSwiftTests */,
				350ACF501B8EF7BD003AEF5A /* Products */,
			);
			sourceTree = "<group>";
		};
		350ACF501B8EF7BD003AEF5A /* Products */ = {
			isa = PBXGroup;
			children = (
				350ACF4F1B8EF7BD003AEF5A /* juniorSwift.app */,
				350ACF641B8EF7BE003AEF5A /* juniorSwiftTests.xctest */,
			);
			name = Products;
			sourceTree = "<group>";
		};
		350ACF511B8EF7BD003AEF5A /* juniorSwift */ = {
			isa = PBXGroup;
			children = (
				350ACF541B8EF7BD003AEF5A /* AppDelegate.swift */,
				350ACF561B8EF7BD003AEF5A /* ViewController.swift */,
				350ACF581B8EF7BE003AEF5A /* Main.storyboard */,
				350ACF5B1B8EF7BE003AEF5A /* Images.xcassets */,
				350ACF5D1B8EF7BE003AEF5A /* LaunchScreen.xib */,
				350ACF521B8EF7BD003AEF5A /* Supporting Files */,
			);
			path = juniorSwift;
			sourceTree = "<group>";
		};
		350ACF521B8EF7BD003AEF5A /* Supporting Files */ = {
			isa = PBXGroup;
			children = (
				350ACF531B8EF7BD003AEF5A /* Info.plist */,
			);
			name = "Supporting Files";
			sourceTree = "<group>";
		};
		350ACF671B8EF7BE003AEF5A /* juniorSwiftTests */ = {
			isa = PBXGroup;
			children = (
				350ACF6A1B8EF7BE003AEF5A /* juniorSwiftTests.swift */,
				350ACF681B8EF7BE003AEF5A /* Supporting Files */,
			);
			path = juniorSwiftTests;
			sourceTree = "<group>";
		};
		350ACF681B8EF7BE003AEF5A /* Supporting Files */ = {
			isa = PBXGroup;
			children = (
				350ACF691B8EF7BE003AEF5A /* Info.plist */,
			);
			name = "Supporting Files";
			sourceTree = "<group>";
		};
/* End PBXGroup section */

/* Begin PBXNativeTarget section */
		350ACF4E1B8EF7BD003AEF5A /* juniorSwift */ = {
			isa = PBXNativeTarget;
			buildConfigurationList = 350ACF6E1B8EF7BE003AEF5A /* Build configuration list for PBXNativeTarget "juniorSwift" */;
			buildPhases = (
				350ACF4B1B8EF7BD003AEF5A /* Sources */,
				350ACF4C1B8EF7BD003AEF5A /* Frameworks */,
				350ACF4D1B8EF7BD003AEF5A /* Resources */,
			);
			buildRules = (
			);
			dependencies = (
			);
			name = juniorSwift;
			productName = juniorSwift;
			productReference = 350ACF4F1B8EF7BD003AEF5A /* juniorSwift.app */;
			productType = "com.apple.product-type.application";
		};
		350ACF631B8EF7BE003AEF5A /* juniorSwiftTests */ = {
			isa = PBXNativeTarget;
			buildConfigurationList = 350ACF711B8EF7BE003AEF5A /* Build configuration list for PBXNativeTarget "juniorSwiftTests" */;
			buildPhases = (
				350ACF601B8EF7BE003AEF5A /* Sources */,
				350ACF611B8EF7BE003AEF5A /* Frameworks */,
				350ACF621B8EF7BE003AEF5A /* Resources */,
			);
			buildRules = (
			);
			dependencies = (
				350ACF661B8EF7BE003AEF5A /* PBXTargetDependency */,
			);
			name = juniorSwiftTests;
			productName = juniorSwiftTests;
			productReference = 350ACF641B8EF7BE003AEF5A /* juniorSwiftTests.xctest */;
			productType = "com.apple.product-type.bundle.unit-test";
		};
/* End PBXNativeTarget section */

/* Begin PBXProject section */
		350ACF471B8EF7BD003AEF5A /* Project object */ = {
			isa = PBXProject;
			attributes = {
				LastUpgradeCheck = 0630;
				ORGANIZATIONNAME = org.dota;
				TargetAttributes = {
					350ACF4E1B8EF7BD003AEF5A = {
						CreatedOnToolsVersion = 6.3.2;
					};
					350ACF631B8EF7BE003AEF5A = {
						CreatedOnToolsVersion = 6.3.2;
						TestTargetID = 350ACF4E1B8EF7BD003AEF5A;
					};
				};
			};
			buildConfigurationList = 350ACF4A1B8EF7BD003AEF5A /* Build configuration list for PBXProject "juniorSwift" */;
			compatibilityVersion = "Xcode 3.2";
			developmentRegion = English;
			hasScannedForEncodings = 0;
			knownRegions = (
				en,
				Base,
			);
			mainGroup = 350ACF461B8EF7BD003AEF5A;
			productRefGroup = 350ACF501B8EF7BD003AEF5A /* Products */;
			projectDirPath = "";
			projectRoot = "";
			targets = (
				350ACF4E1B8EF7BD003AEF5A /* juniorSwift */,
				350ACF631B8EF7BE003AEF5A /* juniorSwiftTests */,
			);
		};
/* End PBXProject section */

/* Begin PBXResourcesBuildPhase section */
		350ACF4D1B8EF7BD003AEF5A /* Resources */ = {
			isa = PBXResourcesBuildPhase;
			buildActionMask = 2147483647;
			files = (
				350ACF5A1B8EF7BE003AEF5A /* Main.storyboard in Resources */,
				350ACF5F1B8EF7BE003AEF5A /* LaunchScreen.xib in Resources */,
				350ACF5C1B8EF7BE003AEF5A /* Images.xcassets in Resources */,
			);
			runOnlyForDeploymentPostprocessing = 0;
		};
		350ACF621B8EF7BE003AEF5A /* Resources */ = {
			isa = PBXResourcesBuildPhase;
			buildActionMask = 2147483647;
			files = (
			);
			runOnlyForDeploymentPostprocessing = 0;
		};
/* End PBXResourcesBuildPhase section */

/* Begin PBXSourcesBuildPhase section */
		350ACF4B1B8EF7BD003AEF5A /* Sources */ = {
			isa = PBXSourcesBuildPhase;
			buildActionMask = 2147483647;
			files = (
				350ACF571B8EF7BD003AEF5A /* ViewController.swift in Sources */,
				350ACF551B8EF7BD003AEF5A /* AppDelegate.swift in Sources */,
			);
			runOnlyForDeploymentPostprocessing = 0;
		};
		350ACF601B8EF7BE003AEF5A /* Sources */ = {
			isa = PBXSourcesBuildPhase;
			buildActionMask = 2147483647;
			files = (
				350ACF6B1B8EF7BE003AEF5A /* juniorSwiftTests.swift in Sources */,
			);
			runOnlyForDeploymentPostprocessing = 0;
		};
/* End PBXSourcesBuildPhase section */

/* Begin PBXTargetDependency section */
		350ACF661B8EF7BE003AEF5A /* PBXTargetDependency */ = {
			isa = PBXTargetDependency;
			target = 350ACF4E1B8EF7BD003AEF5A /* juniorSwift */;
			targetProxy = 350ACF651B8EF7BE003AEF5A /* PBXContainerItemProxy */;
		};
/* End PBXTargetDependency section */

/* Begin PBXVariantGroup section */
		350ACF581B8EF7BE003AEF5A /* Main.storyboard */ = {
			isa = PBXVariantGroup;
			children = (
				350ACF591B8EF7BE003AEF5A /* Base */,
			);
			name = Main.storyboard;
			sourceTree = "<group>";
		};
		350ACF5D1B8EF7BE003AEF5A /* LaunchScreen.xib */ = {
			isa = PBXVariantGroup;
			children = (
				350ACF5E1B8EF7BE003AEF5A /* Base */,
			);
			name = LaunchScreen.xib;
			sourceTree = "<group>";
		};
/* End PBXVariantGroup section */

/* Begin XCBuildConfiguration section */
		350ACF6C1B8EF7BE003AEF5A /* Debug */ = {
			isa = XCBuildConfiguration;
			buildSettings = {
				ALWAYS_SEARCH_USER_PATHS = NO;
				CLANG_CXX_LANGUAGE_STANDARD = "gnu++0x";
				CLANG_CXX_LIBRARY = "libc++";
				CLANG_ENABLE_MODULES = YES;
				CLANG_ENABLE_OBJC_ARC = YES;
				CLANG_WARN_BOOL_CONVERSION = YES;
				CLANG_WARN_CONSTANT_CONVERSION = YES;
				CLANG_WARN_DIRECT_OBJC_ISA_USAGE = YES_ERROR;
				CLANG_WARN_EMPTY_BODY = YES;
				CLANG_WARN_ENUM_CONVERSION = YES;
				CLANG_WARN_INT_CONVERSION = YES;
				CLANG_WARN_OBJC_ROOT_CLASS = YES_ERROR;
				CLANG_WARN_UNREACHABLE_CODE = YES;
				CLANG_WARN__DUPLICATE_METHOD_MATCH = YES;
				"CODE_SIGN_IDENTITY[sdk=iphoneos*]" = "iPhone Developer";
				COPY_PHASE_STRIP = NO;
				DEBUG_INFORMATION_FORMAT = "dwarf-with-dsym";
				ENABLE_STRICT_OBJC_MSGSEND = YES;
				GCC_C_LANGUAGE_STANDARD = gnu99;
				GCC_DYNAMIC_NO_PIC = NO;
				GCC_NO_COMMON_BLOCKS = YES;
				GCC_OPTIMIZATION_LEVEL = 0;
				GCC_PREPROCESSOR_DEFINITIONS = (
					"DEBUG=1",
					"$(inherited)",
				);
				GCC_SYMBOLS_PRIVATE_EXTERN = NO;
				GCC_WARN_64_TO_32_BIT_CONVERSION = YES;
				GCC_WARN_ABOUT_RETURN_TYPE = YES_ERROR;
				GCC_WARN_UNDECLARED_SELECTOR = YES;
				GCC_WARN_UNINITIALIZED_AUTOS = YES_AGGRESSIVE;
				GCC_WARN_UNUSED_FUNCTION = YES;
				GCC_WARN_UNUSED_VARIABLE = YES;
				IPHONEOS_DEPLOYMENT_TARGET = 8.3;
				MTL_ENABLE_DEBUG_INFO = YES;
				ONLY_ACTIVE_ARCH = YES;
				SDKROOT = iphoneos;
				SWIFT_OPTIMIZATION_LEVEL = "-Onone";
			};
			name = Debug;
		};
		350ACF6D1B8EF7BE003AEF5A /* Release */ = {
			isa = XCBuildConfiguration;
			buildSettings = {
				ALWAYS_SEARCH_USER_PATHS = NO;
				CLANG_CXX_LANGUAGE_STANDARD = "gnu++0x";
				CLANG_CXX_LIBRARY = "libc++";
				CLANG_ENABLE_MODULES = YES;
				CLANG_ENABLE_OBJC_ARC = YES;
				CLANG_WARN_BOOL_CONVERSION = YES;
				CLANG_WARN_CONSTANT_CONVERSION = YES;
				CLANG_WARN_DIRECT_OBJC_ISA_USAGE = YES_ERROR;
				CLANG_WARN_EMPTY_BODY = YES;
				CLANG_WARN_ENUM_CONVERSION = YES;
				CLANG_WARN_INT_CONVERSION = YES;
				CLANG_WARN_OBJC_ROOT_CLASS = YES_ERROR;
				CLANG_WARN_UNREACHABLE_CODE = YES;
				CLANG_WARN__DUPLICATE_METHOD_MATCH = YES;
				"CODE_SIGN_IDENTITY[sdk=iphoneos*]" = "iPhone Developer";
				COPY_PHASE_STRIP = NO;
				DEBUG_INFORMATION_FORMAT = "dwarf-with-dsym";
				ENABLE_NS_ASSERTIONS = NO;
				ENABLE_STRICT_OBJC_MSGSEND = YES;
				GCC_C_LANGUAGE_STANDARD = gnu99;
				GCC_NO_COMMON_BLOCKS = YES;
				GCC_WARN_64_TO_32_BIT_CONVERSION = YES;
				GCC_WARN_ABOUT_RETURN_TYPE = YES_ERROR;
				GCC_WARN_UNDECLARED_SELECTOR = YES;
				GCC_WARN_UNINITIALIZED_AUTOS = YES_AGGRESSIVE;
				GCC_WARN_UNUSED_FUNCTION = YES;
				GCC_WARN_UNUSED_VARIABLE = YES;
				IPHONEOS_DEPLOYMENT_TARGET = 8.3;
				MTL_ENABLE_DEBUG_INFO = NO;
				SDKROOT = iphoneos;
				VALIDATE_PRODUCT = YES;
			};
			name = Release;
		};
		350ACF6F1B8EF7BE003AEF5A /* Debug */ = {
			isa = XCBuildConfiguration;
			buildSettings = {
				ASSETCATALOG_COMPILER_APPICON_NAME = AppIcon;
				INFOPLIST_FILE = juniorSwift/Info.plist;
				LD_RUNPATH_SEARCH_PATHS = "$(inherited) @executable_path/Frameworks";
				PRODUCT_NAME = "$(TARGET_NAME)";
			};
			name = Debug;
		};
		350ACF701B8EF7BE003AEF5A /* Release */ = {
			isa = XCBuildConfiguration;
			buildSettings = {
				ASSETCATALOG_COMPILER_APPICON_NAME = AppIcon;
				INFOPLIST_FILE = juniorSwift/Info.plist;
				LD_RUNPATH_SEARCH_PATHS = "$(inherited) @executable_path/Frameworks";
				PRODUCT_NAME = "$(TARGET_NAME)";
			};
			name = Release;
		};
		350ACF721B8EF7BE003AEF5A /* Debug */ = {
			isa = XCBuildConfiguration;
			buildSettings = {
				BUNDLE_LOADER = "$(TEST_HOST)";
				FRAMEWORK_SEARCH_PATHS = (
					"$(SDKROOT)/Developer/Library/Frameworks",
					"$(inherited)",
				);
				GCC_PREPROCESSOR_DEFINITIONS = (
					"DEBUG=1",
					"$(inherited)",
				);
				INFOPLIST_FILE = juniorSwiftTests/Info.plist;
				LD_RUNPATH_SEARCH_PATHS = "$(inherited) @executable_path/Frameworks @loader_path/Frameworks";
				PRODUCT_NAME = "$(TARGET_NAME)";
				TEST_HOST = "$(BUILT_PRODUCTS_DIR)/juniorSwift.app/juniorSwift";
			};
			name = Debug;
		};
		350ACF731B8EF7BE003AEF5A /* Release */ = {
			isa = XCBuildConfiguration;
			buildSettings = {
				BUNDLE_LOADER = "$(TEST_HOST)";
				FRAMEWORK_SEARCH_PATHS = (
					"$(SDKROOT)/Developer/Library/Frameworks",
					"$(inherited)",
				);
				INFOPLIST_FILE = juniorSwiftTests/Info.plist;
				LD_RUNPATH_SEARCH_PATHS = "$(inherited) @executable_path/Frameworks @loader_path/Frameworks";
				PRODUCT_NAME = "$(TARGET_NAME)";
				TEST_HOST = "$(BUILT_PRODUCTS_DIR)/juniorSwift.app/juniorSwift";
			};
			name = Release;
		};
/* End XCBuildConfiguration section */

/* Begin XCConfigurationList section */
		350ACF4A1B8EF7BD003AEF5A /* Build configuration list for PBXProject "juniorSwift" */ = {
			isa = XCConfigurationList;
			buildConfigurations = (
				350ACF6C1B8EF7BE003AEF5A /* Debug */,
				350ACF6D1B8EF7BE003AEF5A /* Release */,
			);
			defaultConfigurationIsVisible = 0;
			defaultConfigurationName = Release;
		};
		350ACF6E1B8EF7BE003AEF5A /* Build configuration list for PBXNativeTarget "juniorSwift" */ = {
			isa = XCConfigurationList;
			buildConfigurations = (
				350ACF6F1B8EF7BE003AEF5A /* Debug */,
				350ACF701B8EF7BE003AEF5A /* Release */,
			);
			defaultConfigurationIsVisible = 0;
		};
		350ACF711B8EF7BE003AEF5A /* Build configuration list for PBXNativeTarget "juniorSwiftTests" */ = {
			isa = XCConfigurationList;
			buildConfigurations = (
				350ACF721B8EF7BE003AEF5A /* Debug */,
				350ACF731B8EF7BE003AEF5A /* Release */,
			);
			defaultConfigurationIsVisible = 0;
		};
/* End XCConfigurationList section */
	};
	rootObject = 350ACF471B8EF7BD003AEF5A /* Project object */;
}
